
Microsoft Visual Studio Solution File, Format Version 12.00
# Visual Studio 16
Project("{FAE04EC0-301F-11D3-BF4B-00C04F79EFBC}") = "Assembly-CSharp", "Assembly-CSharp.csproj", "{E4D37488-A0D0-7E5B-ABD0-D7B2718D9C21}"
EndProject
Project("{FAE04EC0-301F-11D3-BF4B-00C04F79EFBC}") = "Assembly-CSharp-firstpass", "Assembly-CSharp-firstpass.csproj", "{716C1848-A887-8828-5DF5-070207D2E3AF}"
EndProject
Project("{FAE04EC0-301F-11D3-BF4B-00C04F79EFBC}") = "Assembly-CSharp-Editor-firstpass", "Assembly-CSharp-Editor-firstpass.csproj", "{781E5568-DB55-0233-9DF2-EF229443A4E9}"
EndProject
Global
	GlobalSection(SolutionConfigurationPlatforms) = preSolution
		Debug|Any CPU = Debug|Any CPU
		Release|Any CPU = Release|Any CPU
	EndGlobalSection
	GlobalSection(ProjectConfigurationPlatforms) = postSolution
		{E4D37488-A0D0-7E5B-ABD0-D7B2718D9C21}.Debug|Any CPU.ActiveCfg = Debug|Any CPU
		{E4D37488-A0D0-7E5B-ABD0-D7B2718D9C21}.Debug|Any CPU.Build.0 = Debug|Any CPU
		{E4D37488-A0D0-7E5B-ABD0-D7B2718D9C21}.Release|Any CPU.ActiveCfg = Release|Any CPU
		{E4D37488-A0D0-7E5B-ABD0-D7B2718D9C21}.Release|Any CPU.Build.0 = Release|Any CPU
		{716C1848-A887-8828-5DF5-070207D2E3AF}.Debug|Any CPU.ActiveCfg = Debug|Any CPU
		{716C1848-A887-8828-5DF5-070207D2E3AF}.Debug|Any CPU.Build.0 = Debug|Any CPU
		{716C1848-A887-8828-5DF5-070207D2E3AF}.Release|Any CPU.ActiveCfg = Release|Any CPU
		{716C1848-A887-8828-5DF5-070207D2E3AF}.Release|Any CPU.Build.0 = Release|Any CPU
		{781E5568-DB55-0233-9DF2-EF229443A4E9}.Debug|Any CPU.ActiveCfg = Debug|Any CPU
		{781E5568-DB55-0233-9DF2-EF229443A4E9}.Debug|Any CPU.Build.0 = Debug|Any CPU
		{781E5568-DB55-0233-9DF2-EF229443A4E9}.Release|Any CPU.ActiveCfg = Release|Any CPU
		{781E5568-DB55-0233-9DF2-EF229443A4E9}.Release|Any CPU.Build.0 = Release|Any CPU
	EndGlobalSection
	GlobalSection(SolutionProperties) = preSolution
		HideSolutionNode = FALSE
	EndGlobalSection
EndGlobal
